# This file is autogenerated, do not edit; changes may be undone by the next 'dep ensure'.


[[projects]]
  name = "github.com/dgrijalva/jwt-go"
  packages = ["."]
  revision = "d2709f9f1f31ebcda9651b03077758c1f3a0018c"
  version = "v3.0.0"

[[projects]]
  branch = "master"
  name = "github.com/lib/pq"
  packages = [".","oid"]
  revision = "e42267488fe361b9dc034be7a6bffef5b195bceb"

[[projects]]
  branch = "master"
  name = "golang.org/x/crypto"
  packages = ["bcrypt","blowfish"]
  revision = "eb71ad9bd329b5ac0fd0148dd99bd62e8be8e035"

[solve-meta]
  analyzer-name = "dep"
  analyzer-version = 1
  inputs-digest = "a74fa8322ef950ab65959d147a498810af5d02b08af6f0766f2271bebbd8d2e7"
  solver-name = "gps-cdcl"
  solver-version = 1
